hash: 3a07bf20bb9ef47332bdc0e54e4fffafe0ecbff6efd936401eaa7be9a4860256
updated: 2017-03-29T09:27:50.474993064-03:00
imports:
- name: github.com/alecthomas/jsonschema
  version: e69ac1a5ef1654ff1391a40fcfaa8ed6cac47188
- name: github.com/satori/go.uuid
  version: 879c5887cd475cd7864858769793b2ceb0d44feb
testImports: []
